
Microsoft Visual Studio Solution File, Format Version 12.00
# Visual Studio Version 17
VisualStudioVersion = 17.3.32922.545
MinimumVisualStudioVersion = 10.0.40219.1
Project("{9A19103F-16F7-4668-BE54-9A1E7A4F7556}") = "Domains", "Cores\Domains\Domains.csproj", "{6570CF21-15EF-4677-9FD8-34BF0F91BA33}"
EndProject
Project("{2150E333-8FDC-42A3-9474-1A3956D46DE8}") = "Cores", "Cores", "{D3491721-9A6F-48F8-B95E-5D7604B5AAD5}"
EndProject
Project("{2150E333-8FDC-42A3-9474-1A3956D46DE8}") = "Infrastructures", "Infrastructures", "{59F35292-BB7B-4C77-94D5-6CC3F3E47D89}"
EndProject
Project("{2150E333-8FDC-42A3-9474-1A3956D46DE8}") = "MainHosts", "MainHosts", "{F1A23BD4-B06A-4649-A4CE-07C6FDF30ABA}"
EndProject
Project("{9A19103F-16F7-4668-BE54-9A1E7A4F7556}") = "Contracts", "Cores\Contracts\Contracts.csproj", "{2598CAF9-DE60-4520-A4E7-02DD1EFD59A8}"
EndProject
Project("{9A19103F-16F7-4668-BE54-9A1E7A4F7556}") = "Entities", "Infrastructures\Entities\Entities.csproj", "{E82FAE2E-2B2E-4F16-A550-B48A513F76BD}"
EndProject
Project("{9A19103F-16F7-4668-BE54-9A1E7A4F7556}") = "NLogLib", "Infrastructures\NLogLib\NLogLib.csproj", "{DA98AC37-5DBE-46B5-B0C9-D1D23157BF37}"
EndProject
Project("{2150E333-8FDC-42A3-9474-1A3956D46DE8}") = "Logic", "Logic", "{DC92C32D-9807-4B3E-9A37-BCF4F429ACC1}"
EndProject
Project("{9A19103F-16F7-4668-BE54-9A1E7A4F7556}") = "Repositories", "Logic\Repositories\Repositories.csproj", "{DF6D1D2E-300E-45BE-A253-4165544EFE95}"
EndProject
Project("{9A19103F-16F7-4668-BE54-9A1E7A4F7556}") = "Services", "Logic\Services\Services.csproj", "{E066D7BF-7529-45A1-A817-DDDC12603230}"
EndProject
Project("{9A19103F-16F7-4668-BE54-9A1E7A4F7556}") = "LapStopApiHost", "MainHosts\LapStopApiHost\LapStopApiHost.csproj", "{087A5483-BBD1-401F-9D37-C3A97E78D1A7}"
EndProject
Project("{9A19103F-16F7-4668-BE54-9A1E7A4F7556}") = "Contracts.IRepositories", "Cores\Contracts.IRepositories\Contracts.IRepositories.csproj", "{2A62A674-6FCF-4790-9653-A42D964E48F4}"
EndProject
Project("{9A19103F-16F7-4668-BE54-9A1E7A4F7556}") = "Contracts.IServices", "Cores\Contracts.IServices\Contracts.IServices.csproj", "{61929442-7E75-4796-BE6A-B447D5A08DDA}"
EndProject
Project("{2150E333-8FDC-42A3-9474-1A3956D46DE8}") = "MainAPIs", "MainAPIs", "{515B0A31-9C45-438A-8411-EBAA8D0A8081}"
EndProject
Project("{9A19103F-16F7-4668-BE54-9A1E7A4F7556}") = "RestfulApiHandler", "MainAPIs\RestfulApiHandler\RestfulApiHandler.csproj", "{74A88E12-43EE-4D4F-971F-4DF758F20963}"
EndProject
Project("{9A19103F-16F7-4668-BE54-9A1E7A4F7556}") = "DTO", "Cores\DTO\DTO.csproj", "{9663896C-2E86-4324-B848-76D329CB8058}"
EndProject
Project("{9A19103F-16F7-4668-BE54-9A1E7A4F7556}") = "Shared", "Cores\Shared\Shared.csproj", "{67CB15B7-17A8-4B8B-A81E-F45DDF6416A2}"
EndProject
Project("{2150E333-8FDC-42A3-9474-1A3956D46DE8}") = "Testing", "Testing", "{0F792115-7330-416A-8C29-74EE466B3170}"
EndProject
Project("{9A19103F-16F7-4668-BE54-9A1E7A4F7556}") = "xUnitTest.Controllers", "Testing\xUnitTest.Controllers\xUnitTest.Controllers.csproj", "{E26BDDF9-6FBC-419E-9BAD-8872FE867FD1}"
EndProject
Project("{9A19103F-16F7-4668-BE54-9A1E7A4F7556}") = "Common", "Cores\Common\Common.csproj", "{359B0AC3-6C22-487D-B837-C595377B1A04}"
EndProject
Project("{9A19103F-16F7-4668-BE54-9A1E7A4F7556}") = "AutoMapperLib", "Infrastructures\AutoMapperLib\AutoMapperLib.csproj", "{97D74073-080D-41C1-83AD-95E68AE46825}"
EndProject
Global
	GlobalSection(SolutionConfigurationPlatforms) = preSolution
		Debug|Any CPU = Debug|Any CPU
		Release|Any CPU = Release|Any CPU
	EndGlobalSection
	GlobalSection(ProjectConfigurationPlatforms) = postSolution
		{6570CF21-15EF-4677-9FD8-34BF0F91BA33}.Debug|Any CPU.ActiveCfg = Debug|Any CPU
		{6570CF21-15EF-4677-9FD8-34BF0F91BA33}.Debug|Any CPU.Build.0 = Debug|Any CPU
		{6570CF21-15EF-4677-9FD8-34BF0F91BA33}.Release|Any CPU.ActiveCfg = Release|Any CPU
		{6570CF21-15EF-4677-9FD8-34BF0F91BA33}.Release|Any CPU.Build.0 = Release|Any CPU
		{2598CAF9-DE60-4520-A4E7-02DD1EFD59A8}.Debug|Any CPU.ActiveCfg = Debug|Any CPU
		{2598CAF9-DE60-4520-A4E7-02DD1EFD59A8}.Debug|Any CPU.Build.0 = Debug|Any CPU
		{2598CAF9-DE60-4520-A4E7-02DD1EFD59A8}.Release|Any CPU.ActiveCfg = Release|Any CPU
		{2598CAF9-DE60-4520-A4E7-02DD1EFD59A8}.Release|Any CPU.Build.0 = Release|Any CPU
		{E82FAE2E-2B2E-4F16-A550-B48A513F76BD}.Debug|Any CPU.ActiveCfg = Debug|Any CPU
		{E82FAE2E-2B2E-4F16-A550-B48A513F76BD}.Debug|Any CPU.Build.0 = Debug|Any CPU
		{E82FAE2E-2B2E-4F16-A550-B48A513F76BD}.Release|Any CPU.ActiveCfg = Release|Any CPU
		{E82FAE2E-2B2E-4F16-A550-B48A513F76BD}.Release|Any CPU.Build.0 = Release|Any CPU
		{DA98AC37-5DBE-46B5-B0C9-D1D23157BF37}.Debug|Any CPU.ActiveCfg = Debug|Any CPU
		{DA98AC37-5DBE-46B5-B0C9-D1D23157BF37}.Debug|Any CPU.Build.0 = Debug|Any CPU
		{DA98AC37-5DBE-46B5-B0C9-D1D23157BF37}.Release|Any CPU.ActiveCfg = Release|Any CPU
		{DA98AC37-5DBE-46B5-B0C9-D1D23157BF37}.Release|Any CPU.Build.0 = Release|Any CPU
		{DF6D1D2E-300E-45BE-A253-4165544EFE95}.Debug|Any CPU.ActiveCfg = Debug|Any CPU
		{DF6D1D2E-300E-45BE-A253-4165544EFE95}.Debug|Any CPU.Build.0 = Debug|Any CPU
		{DF6D1D2E-300E-45BE-A253-4165544EFE95}.Release|Any CPU.ActiveCfg = Release|Any CPU
		{DF6D1D2E-300E-45BE-A253-4165544EFE95}.Release|Any CPU.Build.0 = Release|Any CPU
		{E066D7BF-7529-45A1-A817-DDDC12603230}.Debug|Any CPU.ActiveCfg = Debug|Any CPU
		{E066D7BF-7529-45A1-A817-DDDC12603230}.Debug|Any CPU.Build.0 = Debug|Any CPU
		{E066D7BF-7529-45A1-A817-DDDC12603230}.Release|Any CPU.ActiveCfg = Release|Any CPU
		{E066D7BF-7529-45A1-A817-DDDC12603230}.Release|Any CPU.Build.0 = Release|Any CPU
		{087A5483-BBD1-401F-9D37-C3A97E78D1A7}.Debug|Any CPU.ActiveCfg = Debug|Any CPU
		{087A5483-BBD1-401F-9D37-C3A97E78D1A7}.Debug|Any CPU.Build.0 = Debug|Any CPU
		{087A5483-BBD1-401F-9D37-C3A97E78D1A7}.Release|Any CPU.ActiveCfg = Release|Any CPU
		{087A5483-BBD1-401F-9D37-C3A97E78D1A7}.Release|Any CPU.Build.0 = Release|Any CPU
		{2A62A674-6FCF-4790-9653-A42D964E48F4}.Debug|Any CPU.ActiveCfg = Debug|Any CPU
		{2A62A674-6FCF-4790-9653-A42D964E48F4}.Debug|Any CPU.Build.0 = Debug|Any CPU
		{2A62A674-6FCF-4790-9653-A42D964E48F4}.Release|Any CPU.ActiveCfg = Release|Any CPU
		{2A62A674-6FCF-4790-9653-A42D964E48F4}.Release|Any CPU.Build.0 = Release|Any CPU
		{61929442-7E75-4796-BE6A-B447D5A08DDA}.Debug|Any CPU.ActiveCfg = Debug|Any CPU
		{61929442-7E75-4796-BE6A-B447D5A08DDA}.Debug|Any CPU.Build.0 = Debug|Any CPU
		{61929442-7E75-4796-BE6A-B447D5A08DDA}.Release|Any CPU.ActiveCfg = Release|Any CPU
		{61929442-7E75-4796-BE6A-B447D5A08DDA}.Release|Any CPU.Build.0 = Release|Any CPU
		{74A88E12-43EE-4D4F-971F-4DF758F20963}.Debug|Any CPU.ActiveCfg = Debug|Any CPU
		{74A88E12-43EE-4D4F-971F-4DF758F20963}.Debug|Any CPU.Build.0 = Debug|Any CPU
		{74A88E12-43EE-4D4F-971F-4DF758F20963}.Release|Any CPU.ActiveCfg = Release|Any CPU
		{74A88E12-43EE-4D4F-971F-4DF758F20963}.Release|Any CPU.Build.0 = Release|Any CPU
		{9663896C-2E86-4324-B848-76D329CB8058}.Debug|Any CPU.ActiveCfg = Debug|Any CPU
		{9663896C-2E86-4324-B848-76D329CB8058}.Debug|Any CPU.Build.0 = Debug|Any CPU
		{9663896C-2E86-4324-B848-76D329CB8058}.Release|Any CPU.ActiveCfg = Release|Any CPU
		{9663896C-2E86-4324-B848-76D329CB8058}.Release|Any CPU.Build.0 = Release|Any CPU
		{67CB15B7-17A8-4B8B-A81E-F45DDF6416A2}.Debug|Any CPU.ActiveCfg = Debug|Any CPU
		{67CB15B7-17A8-4B8B-A81E-F45DDF6416A2}.Debug|Any CPU.Build.0 = Debug|Any CPU
		{67CB15B7-17A8-4B8B-A81E-F45DDF6416A2}.Release|Any CPU.ActiveCfg = Release|Any CPU
		{67CB15B7-17A8-4B8B-A81E-F45DDF6416A2}.Release|Any CPU.Build.0 = Release|Any CPU
		{E26BDDF9-6FBC-419E-9BAD-8872FE867FD1}.Debug|Any CPU.ActiveCfg = Debug|Any CPU
		{E26BDDF9-6FBC-419E-9BAD-8872FE867FD1}.Debug|Any CPU.Build.0 = Debug|Any CPU
		{E26BDDF9-6FBC-419E-9BAD-8872FE867FD1}.Release|Any CPU.ActiveCfg = Release|Any CPU
		{E26BDDF9-6FBC-419E-9BAD-8872FE867FD1}.Release|Any CPU.Build.0 = Release|Any CPU
		{359B0AC3-6C22-487D-B837-C595377B1A04}.Debug|Any CPU.ActiveCfg = Debug|Any CPU
		{359B0AC3-6C22-487D-B837-C595377B1A04}.Debug|Any CPU.Build.0 = Debug|Any CPU
		{359B0AC3-6C22-487D-B837-C595377B1A04}.Release|Any CPU.ActiveCfg = Release|Any CPU
		{359B0AC3-6C22-487D-B837-C595377B1A04}.Release|Any CPU.Build.0 = Release|Any CPU
		{97D74073-080D-41C1-83AD-95E68AE46825}.Debug|Any CPU.ActiveCfg = Debug|Any CPU
		{97D74073-080D-41C1-83AD-95E68AE46825}.Debug|Any CPU.Build.0 = Debug|Any CPU
		{97D74073-080D-41C1-83AD-95E68AE46825}.Release|Any CPU.ActiveCfg = Release|Any CPU
		{97D74073-080D-41C1-83AD-95E68AE46825}.Release|Any CPU.Build.0 = Release|Any CPU
	EndGlobalSection
	GlobalSection(SolutionProperties) = preSolution
		HideSolutionNode = FALSE
	EndGlobalSection
	GlobalSection(NestedProjects) = preSolution
		{6570CF21-15EF-4677-9FD8-34BF0F91BA33} = {D3491721-9A6F-48F8-B95E-5D7604B5AAD5}
		{2598CAF9-DE60-4520-A4E7-02DD1EFD59A8} = {D3491721-9A6F-48F8-B95E-5D7604B5AAD5}
		{E82FAE2E-2B2E-4F16-A550-B48A513F76BD} = {59F35292-BB7B-4C77-94D5-6CC3F3E47D89}
		{DA98AC37-5DBE-46B5-B0C9-D1D23157BF37} = {59F35292-BB7B-4C77-94D5-6CC3F3E47D89}
		{DF6D1D2E-300E-45BE-A253-4165544EFE95} = {DC92C32D-9807-4B3E-9A37-BCF4F429ACC1}
		{E066D7BF-7529-45A1-A817-DDDC12603230} = {DC92C32D-9807-4B3E-9A37-BCF4F429ACC1}
		{087A5483-BBD1-401F-9D37-C3A97E78D1A7} = {F1A23BD4-B06A-4649-A4CE-07C6FDF30ABA}
		{2A62A674-6FCF-4790-9653-A42D964E48F4} = {D3491721-9A6F-48F8-B95E-5D7604B5AAD5}
		{61929442-7E75-4796-BE6A-B447D5A08DDA} = {D3491721-9A6F-48F8-B95E-5D7604B5AAD5}
		{74A88E12-43EE-4D4F-971F-4DF758F20963} = {515B0A31-9C45-438A-8411-EBAA8D0A8081}
		{9663896C-2E86-4324-B848-76D329CB8058} = {D3491721-9A6F-48F8-B95E-5D7604B5AAD5}
		{67CB15B7-17A8-4B8B-A81E-F45DDF6416A2} = {D3491721-9A6F-48F8-B95E-5D7604B5AAD5}
		{E26BDDF9-6FBC-419E-9BAD-8872FE867FD1} = {0F792115-7330-416A-8C29-74EE466B3170}
		{359B0AC3-6C22-487D-B837-C595377B1A04} = {D3491721-9A6F-48F8-B95E-5D7604B5AAD5}
		{97D74073-080D-41C1-83AD-95E68AE46825} = {59F35292-BB7B-4C77-94D5-6CC3F3E47D89}
	EndGlobalSection
	GlobalSection(ExtensibilityGlobals) = postSolution
		SolutionGuid = {14A8E5F8-492F-4B22-8DC7-0BFF3E7666F9}
	EndGlobalSection
EndGlobal
