
Microsoft Visual Studio Solution File, Format Version 12.00
# Visual Studio Version 17
VisualStudioVersion = 17.3.32922.545
MinimumVisualStudioVersion = 10.0.40219.1
Project("{9A19103F-16F7-4668-BE54-9A1E7A4F7556}") = "LapStopApi", "LapStopApi\LapStopApi.csproj", "{A0F121CB-0001-4AEE-9E72-97DBB3AE07D5}"
EndProject
Project("{9A19103F-16F7-4668-BE54-9A1E7A4F7556}") = "LapStopApi.Entities", "LapStopApi.Entities\LapStopApi.Entities.csproj", "{E2FB2C5D-75EA-47C9-9213-60E9ABF29191}"
EndProject
Project("{FAE04EC0-301F-11D3-BF4B-00C04F79EFBC}") = "Contracts", "Contracts\Contracts.csproj", "{CB73833C-0ED9-46E4-A660-B54B829C2A0C}"
EndProject
Project("{FAE04EC0-301F-11D3-BF4B-00C04F79EFBC}") = "LoggerService", "LoggerService\LoggerService.csproj", "{EBB9CCB2-9ECD-4F28-B532-91DA6EB3038D}"
EndProject
Global
	GlobalSection(SolutionConfigurationPlatforms) = preSolution
		Debug|Any CPU = Debug|Any CPU
		Release|Any CPU = Release|Any CPU
	EndGlobalSection
	GlobalSection(ProjectConfigurationPlatforms) = postSolution
		{A0F121CB-0001-4AEE-9E72-97DBB3AE07D5}.Debug|Any CPU.ActiveCfg = Debug|Any CPU
		{A0F121CB-0001-4AEE-9E72-97DBB3AE07D5}.Debug|Any CPU.Build.0 = Debug|Any CPU
		{A0F121CB-0001-4AEE-9E72-97DBB3AE07D5}.Release|Any CPU.ActiveCfg = Release|Any CPU
		{A0F121CB-0001-4AEE-9E72-97DBB3AE07D5}.Release|Any CPU.Build.0 = Release|Any CPU
		{E2FB2C5D-75EA-47C9-9213-60E9ABF29191}.Debug|Any CPU.ActiveCfg = Debug|Any CPU
		{E2FB2C5D-75EA-47C9-9213-60E9ABF29191}.Debug|Any CPU.Build.0 = Debug|Any CPU
		{E2FB2C5D-75EA-47C9-9213-60E9ABF29191}.Release|Any CPU.ActiveCfg = Release|Any CPU
		{E2FB2C5D-75EA-47C9-9213-60E9ABF29191}.Release|Any CPU.Build.0 = Release|Any CPU
		{CB73833C-0ED9-46E4-A660-B54B829C2A0C}.Debug|Any CPU.ActiveCfg = Debug|Any CPU
		{CB73833C-0ED9-46E4-A660-B54B829C2A0C}.Debug|Any CPU.Build.0 = Debug|Any CPU
		{CB73833C-0ED9-46E4-A660-B54B829C2A0C}.Release|Any CPU.ActiveCfg = Release|Any CPU
		{CB73833C-0ED9-46E4-A660-B54B829C2A0C}.Release|Any CPU.Build.0 = Release|Any CPU
		{EBB9CCB2-9ECD-4F28-B532-91DA6EB3038D}.Debug|Any CPU.ActiveCfg = Debug|Any CPU
		{EBB9CCB2-9ECD-4F28-B532-91DA6EB3038D}.Debug|Any CPU.Build.0 = Debug|Any CPU
		{EBB9CCB2-9ECD-4F28-B532-91DA6EB3038D}.Release|Any CPU.ActiveCfg = Release|Any CPU
		{EBB9CCB2-9ECD-4F28-B532-91DA6EB3038D}.Release|Any CPU.Build.0 = Release|Any CPU
	EndGlobalSection
	GlobalSection(SolutionProperties) = preSolution
		HideSolutionNode = FALSE
	EndGlobalSection
	GlobalSection(ExtensibilityGlobals) = postSolution
		SolutionGuid = {14A8E5F8-492F-4B22-8DC7-0BFF3E7666F9}
	EndGlobalSection
EndGlobal
