
Microsoft Visual Studio Solution File, Format Version 12.00
# Visual Studio Version 17
VisualStudioVersion = 17.3.32922.545
MinimumVisualStudioVersion = 10.0.40219.1
Project("{FAE04EC0-301F-11D3-BF4B-00C04F79EFBC}") = "LapStopApi", "LapStopApi\LapStopApi.csproj", "{A0F121CB-0001-4AEE-9E72-97DBB3AE07D5}"
EndProject
Project("{FAE04EC0-301F-11D3-BF4B-00C04F79EFBC}") = "LapStopApi.Entities", "Entities\LapStopApi.Entities.csproj", "{E4C755DE-325B-4052-83E6-1FDAEAE2074D}"
EndProject
Global
	GlobalSection(SolutionConfigurationPlatforms) = preSolution
		Debug|Any CPU = Debug|Any CPU
		Release|Any CPU = Release|Any CPU
	EndGlobalSection
	GlobalSection(ProjectConfigurationPlatforms) = postSolution
		{A0F121CB-0001-4AEE-9E72-97DBB3AE07D5}.Debug|Any CPU.ActiveCfg = Debug|Any CPU
		{A0F121CB-0001-4AEE-9E72-97DBB3AE07D5}.Debug|Any CPU.Build.0 = Debug|Any CPU
		{A0F121CB-0001-4AEE-9E72-97DBB3AE07D5}.Release|Any CPU.ActiveCfg = Release|Any CPU
		{A0F121CB-0001-4AEE-9E72-97DBB3AE07D5}.Release|Any CPU.Build.0 = Release|Any CPU
		{E4C755DE-325B-4052-83E6-1FDAEAE2074D}.Debug|Any CPU.ActiveCfg = Debug|Any CPU
		{E4C755DE-325B-4052-83E6-1FDAEAE2074D}.Debug|Any CPU.Build.0 = Debug|Any CPU
		{E4C755DE-325B-4052-83E6-1FDAEAE2074D}.Release|Any CPU.ActiveCfg = Release|Any CPU
		{E4C755DE-325B-4052-83E6-1FDAEAE2074D}.Release|Any CPU.Build.0 = Release|Any CPU
	EndGlobalSection
	GlobalSection(SolutionProperties) = preSolution
		HideSolutionNode = FALSE
	EndGlobalSection
	GlobalSection(ExtensibilityGlobals) = postSolution
		SolutionGuid = {14A8E5F8-492F-4B22-8DC7-0BFF3E7666F9}
	EndGlobalSection
EndGlobal
